<?xml version="1.0" encoding="utf-8"?>
<Project ToolsVersion="4.0" xmlns="http://schemas.microsoft.com/developer/msbuild/2003">
  <ItemGroup>
    <Filter Include="Source Files">
      <UniqueIdentifier>{4FC737F1-C7A5-4376-A066-2A32D752A2FF}</UniqueIdentifier>
      <Extensions>cpp;c;cc;cxx;def;odl;idl;hpj;bat;asm;asmx</Extensions>
    </Filter>
    <Filter Include="Header Files">
      <UniqueIdentifier>{93995380-89BD-4b04-88EB-625FBE52EBFB}</UniqueIdentifier>
      <Extensions>h;hh;hpp;hxx;hm;inl;inc;xsd</Extensions>
    </Filter>
    <Filter Include="Resource Files">
      <UniqueIdentifier>{67DA6AB6-F800-4c08-8B7A-83BB121AAD01}</UniqueIdentifier>
      <Extensions>rc;ico;cur;bmp;dlg;rc2;rct;bin;rgs;gif;jpg;jpeg;jpe;resx;tiff;tif;png;wav;mfcribbon-ms</Extensions>
    </Filter>
    <Filter Include="Source Files\vstgui">
      <UniqueIdentifier>{f9c5e20b-174f-4992-8202-eb77178daa40}</UniqueIdentifier>
    </Filter>
    <Filter Include="Source Files\vstgui\standalone">
      <UniqueIdentifier>{19198775-3cde-46fd-9e25-418903117b16}</UniqueIdentifier>
    </Filter>
    <Filter Include="Source Files\vstgui\standalone\detail">
      <UniqueIdentifier>{3322e0d6-4dda-4c88-b5f9-cdc8bef86a22}</UniqueIdentifier>
    </Filter>
    <Filter Include="Source Files\vstgui\standalone\detail\platform">
      <UniqueIdentifier>{16cc1b63-30ce-4f36-ba8d-788417c1bf65}</UniqueIdentifier>
    </Filter>
    <Filter Include="Source Files\vstgui\standalone\detail\platform\win32">
      <UniqueIdentifier>{7778b84f-dd69-41f5-8211-6f46b5764b67}</UniqueIdentifier>
    </Filter>
  </ItemGroup>
  <ItemGroup>
    <ClInclude Include="..\..\..\..\standalone\fwd.h">
      <Filter>Source Files\vstgui\standalone</Filter>
    </ClInclude>
    <ClInclude Include="..\..\..\..\standalone\ialertbox.h">
      <Filter>Source Files\vstgui\standalone</Filter>
    </ClInclude>
    <ClInclude Include="..\..\..\..\standalone\iappdelegate.h">
      <Filter>Source Files\vstgui\standalone</Filter>
    </ClInclude>
    <ClInclude Include="..\..\..\..\standalone\iapplication.h">
      <Filter>Source Files\vstgui\standalone</Filter>
    </ClInclude>
    <ClInclude Include="..\..\..\..\standalone\icommand.h">
      <Filter>Source Files\vstgui\standalone</Filter>
    </ClInclude>
    <ClInclude Include="..\..\..\..\standalone\interface.h">
      <Filter>Source Files\vstgui\standalone</Filter>
    </ClInclude>
    <ClInclude Include="..\..\..\..\standalone\ipreference.h">
      <Filter>Source Files\vstgui\standalone</Filter>
    </ClInclude>
    <ClInclude Include="..\..\..\..\standalone\iuidescwindow.h">
      <Filter>Source Files\vstgui\standalone</Filter>
    </ClInclude>
    <ClInclude Include="..\..\..\..\standalone\ivalue.h">
      <Filter>Source Files\vstgui\standalone</Filter>
    </ClInclude>
    <ClInclude Include="..\..\..\..\standalone\iwindow.h">
      <Filter>Source Files\vstgui\standalone</Filter>
    </ClInclude>
    <ClInclude Include="..\..\..\..\standalone\iwindowcontroller.h">
      <Filter>Source Files\vstgui\standalone</Filter>
    </ClInclude>
    <ClInclude Include="..\..\..\..\standalone\detail\application.h">
      <Filter>Source Files\vstgui\standalone\detail</Filter>
    </ClInclude>
    <ClInclude Include="..\..\..\..\standalone\detail\window.h">
      <Filter>Source Files\vstgui\standalone\detail</Filter>
    </ClInclude>
    <ClInclude Include="..\..\source\testappdelegate.h">
      <Filter>Source Files</Filter>
    </ClInclude>
    <ClInclude Include="..\..\source\testwindow.h">
      <Filter>Source Files</Filter>
    </ClInclude>
    <ClInclude Include="..\..\..\..\standalone\detail\platform\iplatformwindow.h">
      <Filter>Source Files\vstgui\standalone\detail\platform</Filter>
    </ClInclude>
    <ClInclude Include="..\..\..\..\standalone\detail\platform\win32\win32window.h">
      <Filter>Source Files\vstgui\standalone\detail\platform\win32</Filter>
    </ClInclude>
    <ClInclude Include="..\..\..\..\standalone\detail\platform\win32\win32preference.h">
      <Filter>Source Files\vstgui\standalone\detail\platform\win32</Filter>
    </ClInclude>
  </ItemGroup>
  <ItemGroup>
    <ClCompile Include="..\..\..\..\standalone\detail\application.cpp">
      <Filter>Source Files\vstgui\standalone\detail</Filter>
    </ClCompile>
    <ClCompile Include="..\..\..\..\standalone\detail\uidescriptionwindowcontroller.cpp">
      <Filter>Source Files\vstgui\standalone\detail</Filter>
    </ClCompile>
    <ClCompile Include="..\..\..\..\standalone\detail\value.cpp">
      <Filter>Source Files\vstgui\standalone\detail</Filter>
    </ClCompile>
    <ClCompile Include="..\..\..\..\standalone\detail\window.cpp">
      <Filter>Source Files\vstgui\standalone\detail</Filter>
    </ClCompile>
    <ClCompile Include="..\..\..\..\vstgui_uidescription_win32.cpp">
      <Filter>Source Files\vstgui</Filter>
    </ClCompile>
    <ClCompile Include="..\..\..\..\vstgui_win32.cpp">
      <Filter>Source Files\vstgui</Filter>
    </ClCompile>
    <ClCompile Include="..\..\source\testappdelegate.cpp">
      <Filter>Source Files</Filter>
    </ClCompile>
    <ClCompile Include="..\..\source\testwindow.cpp">
      <Filter>Source Files</Filter>
    </ClCompile>
    <ClCompile Include="..\..\..\..\standalone\detail\platform\win32\win32application.cpp">
      <Filter>Source Files\vstgui\standalone\detail\platform\win32</Filter>
    </ClCompile>
    <ClCompile Include="..\..\..\..\standalone\detail\platform\win32\win32window.cpp">
      <Filter>Source Files\vstgui\standalone\detail\platform\win32</Filter>
    </ClCompile>
    <ClCompile Include="..\..\..\..\standalone\detail\platform\win32\win32preference.cpp">
      <Filter>Source Files\vstgui\standalone\detail\platform\win32</Filter>
    </ClCompile>
  </ItemGroup>
</Project>